// !$*UTF8*$!
{
	archiveVersion = 1;
	classes = {
	};
	objectVersion = 50;
	objects = {

/* Begin PBXBuildFile section */
		FD54C6A825CF6EEC00D97E88 /* KeyboardViewController.swift in Sources */ = {isa = PBXBuildFile; fileRef = FD54C6A725CF6EEC00D97E88 /* KeyboardViewController.swift */; };
		FD54C6AC25CF6EEC00D97E88 /* Hordor.appex in Embed App Extensions */ = {isa = PBXBuildFile; fileRef = FD54C6A525CF6EEC00D97E88 /* Hordor.appex */; settings = {ATTRIBUTES = (RemoveHeadersOnCopy, ); }; };
		FD54C6B425CF735D00D97E88 /* hodor.png in Resources */ = {isa = PBXBuildFile; fileRef = FD54C6B325CF735D00D97E88 /* hodor.png */; };
		FD99761525CF243F00DB904A /* AppDelegate.swift in Sources */ = {isa = PBXBuildFile; fileRef = FD99761425CF243F00DB904A /* AppDelegate.swift */; };
		FD99761725CF243F00DB904A /* SceneDelegate.swift in Sources */ = {isa = PBXBuildFile; fileRef = FD99761625CF243F00DB904A /* SceneDelegate.swift */; };
		FD99761925CF243F00DB904A /* ViewController.swift in Sources */ = {isa = PBXBuildFile; fileRef = FD99761825CF243F00DB904A /* ViewController.swift */; };
		FD99761C25CF243F00DB904A /* Main.storyboard in Resources */ = {isa = PBXBuildFile; fileRef = FD99761A25CF243F00DB904A /* Main.storyboard */; };
		FD99761E25CF244000DB904A /* Assets.xcassets in Resources */ = {isa = PBXBuildFile; fileRef = FD99761D25CF244000DB904A /* Assets.xcassets */; };
		FD99762125CF244000DB904A /* LaunchScreen.storyboard in Resources */ = {isa = PBXBuildFile; fileRef = FD99761F25CF244000DB904A /* LaunchScreen.storyboard */; };
/* End PBXBuildFile section */

/* Begin PBXContainerItemProxy section */
		FD54C6AA25CF6EEC00D97E88 /* PBXContainerItemProxy */ = {
			isa = PBXContainerItemProxy;
			containerPortal = FD99760925CF243F00DB904A /* Project object */;
			proxyType = 1;
			remoteGlobalIDString = FD54C6A425CF6EEC00D97E88;
			remoteInfo = Hordor;
		};
/* End PBXContainerItemProxy section */

/* Begin PBXCopyFilesBuildPhase section */
		FD54C6AD25CF6EEC00D97E88 /* Embed App Extensions */ = {
			isa = PBXCopyFilesBuildPhase;
			buildActionMask = 2147483647;
			dstPath = "";
			dstSubfolderSpec = 13;
			files = (
				FD54C6AC25CF6EEC00D97E88 /* Hordor.appex in Embed App Extensions */,
			);
			name = "Embed App Extensions";
			runOnlyForDeploymentPostprocessing = 0;
		};
/* End PBXCopyFilesBuildPhase section */

/* Begin PBXFileReference section */
		FD54C6A525CF6EEC00D97E88 /* Hordor.appex */ = {isa = PBXFileReference; explicitFileType = "wrapper.app-extension"; includeInIndex = 0; path = Hordor.appex; sourceTree = BUILT_PRODUCTS_DIR; };
		FD54C6A725CF6EEC00D97E88 /* KeyboardViewController.swift */ = {isa = PBXFileReference; lastKnownFileType = sourcecode.swift; path = KeyboardViewController.swift; sourceTree = "<group>"; };
		FD54C6A925CF6EEC00D97E88 /* Info.plist */ = {isa = PBXFileReference; lastKnownFileType = text.plist.xml; path = Info.plist; sourceTree = "<group>"; };
		FD54C6B325CF735D00D97E88 /* hodor.png */ = {isa = PBXFileReference; lastKnownFileType = image.png; path = hodor.png; sourceTree = "<group>"; };
		FD99761125CF243F00DB904A /* HordorKeyboard.app */ = {isa = PBXFileReference; explicitFileType = wrapper.application; includeInIndex = 0; path = HordorKeyboard.app; sourceTree = BUILT_PRODUCTS_DIR; };
		FD99761425CF243F00DB904A /* AppDelegate.swift */ = {isa = PBXFileReference; lastKnownFileType = sourcecode.swift; path = AppDelegate.swift; sourceTree = "<group>"; };
		FD99761625CF243F00DB904A /* SceneDelegate.swift */ = {isa = PBXFileReference; lastKnownFileType = sourcecode.swift; path = SceneDelegate.swift; sourceTree = "<group>"; };
		FD99761825CF243F00DB904A /* ViewController.swift */ = {isa = PBXFileReference; lastKnownFileType = sourcecode.swift; path = ViewController.swift; sourceTree = "<group>"; };
		FD99761B25CF243F00DB904A /* Base */ = {isa = PBXFileReference; lastKnownFileType = file.storyboard; name = Base; path = Base.lproj/Main.storyboard; sourceTree = "<group>"; };
		FD99761D25CF244000DB904A /* Assets.xcassets */ = {isa = PBXFileReference; lastKnownFileType = folder.assetcatalog; path = Assets.xcassets; sourceTree = "<group>"; };
		FD99762025CF244000DB904A /* Base */ = {isa = PBXFileReference; lastKnownFileType = file.storyboard; name = Base; path = Base.lproj/LaunchScreen.storyboard; sourceTree = "<group>"; };
		FD99762225CF244000DB904A /* Info.plist */ = {isa = PBXFileReference; lastKnownFileType = text.plist.xml; path = Info.plist; sourceTree = "<group>"; };
/* End PBXFileReference section */

/* Begin PBXFrameworksBuildPhase section */
		FD54C6A225CF6EEC00D97E88 /* Frameworks */ = {
			isa = PBXFrameworksBuildPhase;
			buildActionMask = 2147483647;
			files = (
			);
			runOnlyForDeploymentPostprocessing = 0;
		};
		FD99760E25CF243F00DB904A /* Frameworks */ = {
			isa = PBXFrameworksBuildPhase;
			buildActionMask = 2147483647;
			files = (
			);
			runOnlyForDeploymentPostprocessing = 0;
		};
/* End PBXFrameworksBuildPhase section */

/* Begin PBXGroup section */
		FD54C6A625CF6EEC00D97E88 /* Hordor */ = {
			isa = PBXGroup;
			children = (
				FD54C6B325CF735D00D97E88 /* hodor.png */,
				FD54C6A725CF6EEC00D97E88 /* KeyboardViewController.swift */,
				FD54C6A925CF6EEC00D97E88 /* Info.plist */,
			);
			path = Hordor;
			sourceTree = "<group>";
		};
		FD99760825CF243F00DB904A = {
			isa = PBXGroup;
			children = (
				FD99761325CF243F00DB904A /* HordorKeyboard */,
				FD54C6A625CF6EEC00D97E88 /* Hordor */,
				FD99761225CF243F00DB904A /* Products */,
			);
			sourceTree = "<group>";
		};
		FD99761225CF243F00DB904A /* Products */ = {
			isa = PBXGroup;
			children = (
				FD99761125CF243F00DB904A /* HordorKeyboard.app */,
				FD54C6A525CF6EEC00D97E88 /* Hordor.appex */,
			);
			name = Products;
			sourceTree = "<group>";
		};
		FD99761325CF243F00DB904A /* HordorKeyboard */ = {
			isa = PBXGroup;
			children = (
				FD99761425CF243F00DB904A /* AppDelegate.swift */,
				FD99761625CF243F00DB904A /* SceneDelegate.swift */,
				FD99761825CF243F00DB904A /* ViewController.swift */,
				FD99761A25CF243F00DB904A /* Main.storyboard */,
				FD99761D25CF244000DB904A /* Assets.xcassets */,
				FD99761F25CF244000DB904A /* LaunchScreen.storyboard */,
				FD99762225CF244000DB904A /* Info.plist */,
			);
			path = HordorKeyboard;
			sourceTree = "<group>";
		};
/* End PBXGroup section */

/* Begin PBXNativeTarget section */
		FD54C6A425CF6EEC00D97E88 /* Hordor */ = {
			isa = PBXNativeTarget;
			buildConfigurationList = FD54C6B025CF6EEC00D97E88 /* Build configuration list for PBXNativeTarget "Hordor" */;
			buildPhases = (
				FD54C6A125CF6EEC00D97E88 /* Sources */,
				FD54C6A225CF6EEC00D97E88 /* Frameworks */,
				FD54C6A325CF6EEC00D97E88 /* Resources */,
			);
			buildRules = (
			);
			dependencies = (
			);
			name = Hordor;
			productName = Hordor;
			productReference = FD54C6A525CF6EEC00D97E88 /* Hordor.appex */;
			productType = "com.apple.product-type.app-extension";
		};
		FD99761025CF243F00DB904A /* HordorKeyboard */ = {
			isa = PBXNativeTarget;
			buildConfigurationList = FD99762525CF244000DB904A /* Build configuration list for PBXNativeTarget "HordorKeyboard" */;
			buildPhases = (
				FD99760D25CF243F00DB904A /* Sources */,
				FD99760E25CF243F00DB904A /* Frameworks */,
				FD99760F25CF243F00DB904A /* Resources */,
				FD54C6AD25CF6EEC00D97E88 /* Embed App Extensions */,
			);
			buildRules = (
			);
			dependencies = (
				FD54C6AB25CF6EEC00D97E88 /* PBXTargetDependency */,
			);
			name = HordorKeyboard;
			productName = HordorKeyboard;
			productReference = FD99761125CF243F00DB904A /* HordorKeyboard.app */;
			productType = "com.apple.product-type.application";
		};
/* End PBXNativeTarget section */

/* Begin PBXProject section */
		FD99760925CF243F00DB904A /* Project object */ = {
			isa = PBXProject;
			attributes = {
				LastSwiftUpdateCheck = 1240;
				LastUpgradeCheck = 1230;
				TargetAttributes = {
					FD54C6A425CF6EEC00D97E88 = {
						CreatedOnToolsVersion = 12.4;
					};
					FD99761025CF243F00DB904A = {
						CreatedOnToolsVersion = 12.3;
					};
				};
			};
			buildConfigurationList = FD99760C25CF243F00DB904A /* Build configuration list for PBXProject "HordorKeyboard" */;
			compatibilityVersion = "Xcode 9.3";
			developmentRegion = en;
			hasScannedForEncodings = 0;
			knownRegions = (
				en,
				Base,
			);
			mainGroup = FD99760825CF243F00DB904A;
			productRefGroup = FD99761225CF243F00DB904A /* Products */;
			projectDirPath = "";
			projectRoot = "";
			targets = (
				FD99761025CF243F00DB904A /* HordorKeyboard */,
				FD54C6A425CF6EEC00D97E88 /* Hordor */,
			);
		};
/* End PBXProject section */

/* Begin PBXResourcesBuildPhase section */
		FD54C6A325CF6EEC00D97E88 /* Resources */ = {
			isa = PBXResourcesBuildPhase;
			buildActionMask = 2147483647;
			files = (
				FD54C6B425CF735D00D97E88 /* hodor.png in Resources */,
			);
			runOnlyForDeploymentPostprocessing = 0;
		};
		FD99760F25CF243F00DB904A /* Resources */ = {
			isa = PBXResourcesBuildPhase;
			buildActionMask = 2147483647;
			files = (
				FD99762125CF244000DB904A /* LaunchScreen.storyboard in Resources */,
				FD99761E25CF244000DB904A /* Assets.xcassets in Resources */,
				FD99761C25CF243F00DB904A /* Main.storyboard in Resources */,
			);
			runOnlyForDeploymentPostprocessing = 0;
		};
/* End PBXResourcesBuildPhase section */

/* Begin PBXSourcesBuildPhase section */
		FD54C6A125CF6EEC00D97E88 /* Sources */ = {
			isa = PBXSourcesBuildPhase;
			buildActionMask = 2147483647;
			files = (
				FD54C6A825CF6EEC00D97E88 /* KeyboardViewController.swift in Sources */,
			);
			runOnlyForDeploymentPostprocessing = 0;
		};
		FD99760D25CF243F00DB904A /* Sources */ = {
			isa = PBXSourcesBuildPhase;
			buildActionMask = 2147483647;
			files = (
				FD99761925CF243F00DB904A /* ViewController.swift in Sources */,
				FD99761525CF243F00DB904A /* AppDelegate.swift in Sources */,
				FD99761725CF243F00DB904A /* SceneDelegate.swift in Sources */,
			);
			runOnlyForDeploymentPostprocessing = 0;
		};
/* End PBXSourcesBuildPhase section */

/* Begin PBXTargetDependency section */
		FD54C6AB25CF6EEC00D97E88 /* PBXTargetDependency */ = {
			isa = PBXTargetDependency;
			target = FD54C6A425CF6EEC00D97E88 /* Hordor */;
			targetProxy = FD54C6AA25CF6EEC00D97E88 /* PBXContainerItemProxy */;
		};
/* End PBXTargetDependency section */

/* Begin PBXVariantGroup section */
		FD99761A25CF243F00DB904A /* Main.storyboard */ = {
			isa = PBXVariantGroup;
			children = (
				FD99761B25CF243F00DB904A /* Base */,
			);
			name = Main.storyboard;
			sourceTree = "<group>";
		};
		FD99761F25CF244000DB904A /* LaunchScreen.storyboard */ = {
			isa = PBXVariantGroup;
			children = (
				FD99762025CF244000DB904A /* Base */,
			);
			name = LaunchScreen.storyboard;
			sourceTree = "<group>";
		};
/* End PBXVariantGroup section */

/* Begin XCBuildConfiguration section */
		FD54C6AE25CF6EEC00D97E88 /* Debug */ = {
			isa = XCBuildConfiguration;
			buildSettings = {
				CODE_SIGN_STYLE = Automatic;
				DEVELOPMENT_TEAM = NZY22C8744;
				INFOPLIST_FILE = Hordor/Info.plist;
				IPHONEOS_DEPLOYMENT_TARGET = 14.4;
				LD_RUNPATH_SEARCH_PATHS = (
					"$(inherited)",
					"@executable_path/Frameworks",
					"@executable_path/../../Frameworks",
				);
				PRODUCT_BUNDLE_IDENTIFIER = com.allanman.HordorKeyboard.Hordor;
				PRODUCT_NAME = "$(TARGET_NAME)";
				SKIP_INSTALL = YES;
				SWIFT_VERSION = 5.0;
				TARGETED_DEVICE_FAMILY = "1,2";
			};
			name = Debug;
		};
		FD54C6AF25CF6EEC00D97E88 /* Release */ = {
			isa = XCBuildConfiguration;
			buildSettings = {
				CODE_SIGN_STYLE = Automatic;
				DEVELOPMENT_TEAM = NZY22C8744;
				INFOPLIST_FILE = Hordor/Info.plist;
				IPHONEOS_DEPLOYMENT_TARGET = 14.4;
				LD_RUNPATH_SEARCH_PATHS = (
					"$(inherited)",
					"@executable_path/Frameworks",
					"@executable_path/../../Frameworks",
				);
				PRODUCT_BUNDLE_IDENTIFIER = com.allanman.HordorKeyboard.Hordor;
				PRODUCT_NAME = "$(TARGET_NAME)";
				SKIP_INSTALL = YES;
				SWIFT_VERSION = 5.0;
				TARGETED_DEVICE_FAMILY = "1,2";
			};
			name = Release;
		};
		FD99762325CF244000DB904A /* Debug */ = {
			isa = XCBuildConfiguration;
			buildSettings = {
				ALWAYS_SEARCH_USER_PATHS = NO;
				CLANG_ANALYZER_NONNULL = YES;
				CLANG_ANALYZER_NUMBER_OBJECT_CONVERSION = YES_AGGRESSIVE;
				CLANG_CXX_LANGUAGE_STANDARD = "gnu++14";
				CLANG_CXX_LIBRARY = "libc++";
				CLANG_ENABLE_MODULES = YES;
				CLANG_ENABLE_OBJC_ARC = YES;
				CLANG_ENABLE_OBJC_WEAK = YES;
				CLANG_WARN_BLOCK_CAPTURE_AUTORELEASING = YES;
				CLANG_WARN_BOOL_CONVERSION = YES;
				CLANG_WARN_COMMA = YES;
				CLANG_WARN_CONSTANT_CONVERSION = YES;
				CLANG_WARN_DEPRECATED_OBJC_IMPLEMENTATIONS = YES;
				CLANG_WARN_DIRECT_OBJC_ISA_USAGE = YES_ERROR;
				CLANG_WARN_DOCUMENTATION_COMMENTS = YES;
				CLANG_WARN_EMPTY_BODY = YES;
				CLANG_WARN_ENUM_CONVERSION = YES;
				CLANG_WARN_INFINITE_RECURSION = YES;
				CLANG_WARN_INT_CONVERSION = YES;
				CLANG_WARN_NON_LITERAL_NULL_CONVERSION = YES;
				CLANG_WARN_OBJC_IMPLICIT_RETAIN_SELF = YES;
				CLANG_WARN_OBJC_LITERAL_CONVERSION = YES;
				CLANG_WARN_OBJC_ROOT_CLASS = YES_ERROR;
				CLANG_WARN_QUOTED_INCLUDE_IN_FRAMEWORK_HEADER = YES;
				CLANG_WARN_RANGE_LOOP_ANALYSIS = YES;
				CLANG_WARN_STRICT_PROTOTYPES = YES;
				CLANG_WARN_SUSPICIOUS_MOVE = YES;
				CLANG_WARN_UNGUARDED_AVAILABILITY = YES_AGGRESSIVE;
				CLANG_WARN_UNREACHABLE_CODE = YES;
				CLANG_WARN__DUPLICATE_METHOD_MATCH = YES;
				COPY_PHASE_STRIP = NO;
				DEBUG_INFORMATION_FORMAT = dwarf;
				ENABLE_STRICT_OBJC_MSGSEND = YES;
				ENABLE_TESTABILITY = YES;
				GCC_C_LANGUAGE_STANDARD = gnu11;
				GCC_DYNAMIC_NO_PIC = NO;
				GCC_NO_COMMON_BLOCKS = YES;
				GCC_OPTIMIZATION_LEVEL = 0;
				GCC_PREPROCESSOR_DEFINITIONS = (
					"DEBUG=1",
					"$(inherited)",
				);
				GCC_WARN_64_TO_32_BIT_CONVERSION = YES;
				GCC_WARN_ABOUT_RETURN_TYPE = YES_ERROR;
				GCC_WARN_UNDECLARED_SELECTOR = YES;
				GCC_WARN_UNINITIALIZED_AUTOS = YES_AGGRESSIVE;
				GCC_WARN_UNUSED_FUNCTION = YES;
				GCC_WARN_UNUSED_VARIABLE = YES;
				IPHONEOS_DEPLOYMENT_TARGET = 14.3;
				MTL_ENABLE_DEBUG_INFO = INCLUDE_SOURCE;
				MTL_FAST_MATH = YES;
				ONLY_ACTIVE_ARCH = YES;
				SDKROOT = iphoneos;
				SWIFT_ACTIVE_COMPILATION_CONDITIONS = DEBUG;
				SWIFT_OPTIMIZATION_LEVEL = "-Onone";
			};
			name = Debug;
		};
		FD99762425CF244000DB904A /* Release */ = {
			isa = XCBuildConfiguration;
			buildSettings = {
				ALWAYS_SEARCH_USER_PATHS = NO;
				CLANG_ANALYZER_NONNULL = YES;
				CLANG_ANALYZER_NUMBER_OBJECT_CONVERSION = YES_AGGRESSIVE;
				CLANG_CXX_LANGUAGE_STANDARD = "gnu++14";
				CLANG_CXX_LIBRARY = "libc++";
				CLANG_ENABLE_MODULES = YES;
				CLANG_ENABLE_OBJC_ARC = YES;
				CLANG_ENABLE_OBJC_WEAK = YES;
				CLANG_WARN_BLOCK_CAPTURE_AUTORELEASING = YES;
				CLANG_WARN_BOOL_CONVERSION = YES;
				CLANG_WARN_COMMA = YES;
				CLANG_WARN_CONSTANT_CONVERSION = YES;
				CLANG_WARN_DEPRECATED_OBJC_IMPLEMENTATIONS = YES;
				CLANG_WARN_DIRECT_OBJC_ISA_USAGE = YES_ERROR;
				CLANG_WARN_DOCUMENTATION_COMMENTS = YES;
				CLANG_WARN_EMPTY_BODY = YES;
				CLANG_WARN_ENUM_CONVERSION = YES;
				CLANG_WARN_INFINITE_RECURSION = YES;
				CLANG_WARN_INT_CONVERSION = YES;
				CLANG_WARN_NON_LITERAL_NULL_CONVERSION = YES;
				CLANG_WARN_OBJC_IMPLICIT_RETAIN_SELF = YES;
				CLANG_WARN_OBJC_LITERAL_CONVERSION = YES;
				CLANG_WARN_OBJC_ROOT_CLASS = YES_ERROR;
				CLANG_WARN_QUOTED_INCLUDE_IN_FRAMEWORK_HEADER = YES;
				CLANG_WARN_RANGE_LOOP_ANALYSIS = YES;
				CLANG_WARN_STRICT_PROTOTYPES = YES;
				CLANG_WARN_SUSPICIOUS_MOVE = YES;
				CLANG_WARN_UNGUARDED_AVAILABILITY = YES_AGGRESSIVE;
				CLANG_WARN_UNREACHABLE_CODE = YES;
				CLANG_WARN__DUPLICATE_METHOD_MATCH = YES;
				COPY_PHASE_STRIP = NO;
				DEBUG_INFORMATION_FORMAT = "dwarf-with-dsym";
				ENABLE_NS_ASSERTIONS = NO;
				ENABLE_STRICT_OBJC_MSGSEND = YES;
				GCC_C_LANGUAGE_STANDARD = gnu11;
				GCC_NO_COMMON_BLOCKS = YES;
				GCC_WARN_64_TO_32_BIT_CONVERSION = YES;
				GCC_WARN_ABOUT_RETURN_TYPE = YES_ERROR;
				GCC_WARN_UNDECLARED_SELECTOR = YES;
				GCC_WARN_UNINITIALIZED_AUTOS = YES_AGGRESSIVE;
				GCC_WARN_UNUSED_FUNCTION = YES;
				GCC_WARN_UNUSED_VARIABLE = YES;
				IPHONEOS_DEPLOYMENT_TARGET = 14.3;
				MTL_ENABLE_DEBUG_INFO = NO;
				MTL_FAST_MATH = YES;
				SDKROOT = iphoneos;
				SWIFT_COMPILATION_MODE = wholemodule;
				SWIFT_OPTIMIZATION_LEVEL = "-O";
				VALIDATE_PRODUCT = YES;
			};
			name = Release;
		};
		FD99762625CF244000DB904A /* Debug */ = {
			isa = XCBuildConfiguration;
			buildSettings = {
				ALWAYS_EMBED_SWIFT_STANDARD_LIBRARIES = YES;
				ASSETCATALOG_COMPILER_APPICON_NAME = AppIcon;
				ASSETCATALOG_COMPILER_GLOBAL_ACCENT_COLOR_NAME = AccentColor;
				CODE_SIGN_STYLE = Automatic;
				DEVELOPMENT_TEAM = NZY22C8744;
				INFOPLIST_FILE = HordorKeyboard/Info.plist;
				LD_RUNPATH_SEARCH_PATHS = (
					"$(inherited)",
					"@executable_path/Frameworks",
				);
				PRODUCT_BUNDLE_IDENTIFIER = com.allanman.HordorKeyboard;
				PRODUCT_NAME = "$(TARGET_NAME)";
				SWIFT_VERSION = 5.0;
				TARGETED_DEVICE_FAMILY = "1,2";
			};
			name = Debug;
		};
		FD99762725CF244000DB904A /* Release */ = {
			isa = XCBuildConfiguration;
			buildSettings = {
				ALWAYS_EMBED_SWIFT_STANDARD_LIBRARIES = YES;
				ASSETCATALOG_COMPILER_APPICON_NAME = AppIcon;
				ASSETCATALOG_COMPILER_GLOBAL_ACCENT_COLOR_NAME = AccentColor;
				CODE_SIGN_STYLE = Automatic;
				DEVELOPMENT_TEAM = NZY22C8744;
				INFOPLIST_FILE = HordorKeyboard/Info.plist;
				LD_RUNPATH_SEARCH_PATHS = (
					"$(inherited)",
					"@executable_path/Frameworks",
				);
				PRODUCT_BUNDLE_IDENTIFIER = com.allanman.HordorKeyboard;
				PRODUCT_NAME = "$(TARGET_NAME)";
				SWIFT_VERSION = 5.0;
				TARGETED_DEVICE_FAMILY = "1,2";
			};
			name = Release;
		};
/* End XCBuildConfiguration section */

/* Begin XCConfigurationList section */
		FD54C6B025CF6EEC00D97E88 /* Build configuration list for PBXNativeTarget "Hordor" */ = {
			isa = XCConfigurationList;
			buildConfigurations = (
				FD54C6AE25CF6EEC00D97E88 /* Debug */,
				FD54C6AF25CF6EEC00D97E88 /* Release */,
			);
			defaultConfigurationIsVisible = 0;
			defaultConfigurationName = Release;
		};
		FD99760C25CF243F00DB904A /* Build configuration list for PBXProject "HordorKeyboard" */ = {
			isa = XCConfigurationList;
			buildConfigurations = (
				FD99762325CF244000DB904A /* Debug */,
				FD99762425CF244000DB904A /* Release */,
			);
			defaultConfigurationIsVisible = 0;
			defaultConfigurationName = Release;
		};
		FD99762525CF244000DB904A /* Build configuration list for PBXNativeTarget "HordorKeyboard" */ = {
			isa = XCConfigurationList;
			buildConfigurations = (
				FD99762625CF244000DB904A /* Debug */,
				FD99762725CF244000DB904A /* Release */,
			);
			defaultConfigurationIsVisible = 0;
			defaultConfigurationName = Release;
		};
/* End XCConfigurationList section */
	};
	rootObject = FD99760925CF243F00DB904A /* Project object */;
}
